<?xml version="1.0" encoding="utf-8"?>
<Project ToolsVersion="4.0" xmlns="http://schemas.microsoft.com/developer/msbuild/2003">
  <ItemGroup>
    <Filter Include="Source Files">
      <UniqueIdentifier>{4FC737F1-C7A5-4376-A066-2A32D752A2FF}</UniqueIdentifier>
      <Extensions>cpp;c;cc;cxx;def;odl;idl;hpj;bat;asm;asmx</Extensions>
    </Filter>
    <Filter Include="Header Files">
      <UniqueIdentifier>{93995380-89BD-4b04-88EB-625FBE52EBFB}</UniqueIdentifier>
      <Extensions>h;hh;hpp;hxx;hm;inl;inc;ipp;xsd</Extensions>
    </Filter>
    <Filter Include="Resource Files">
      <UniqueIdentifier>{67DA6AB6-F800-4c08-8B7A-83BB121AAD01}</UniqueIdentifier>
      <Extensions>rc;ico;cur;bmp;dlg;rc2;rct;bin;rgs;gif;jpg;jpeg;jpe;resx;tiff;tif;png;wav;mfcribbon-ms</Extensions>
    </Filter>
    <Filter Include="External Libraries">
      <UniqueIdentifier>{a6658457-57ac-45b7-87cc-695d6404546e}</UniqueIdentifier>
    </Filter>
    <Filter Include="Engine">
      <UniqueIdentifier>{8a27ca64-7fcb-4bed-9754-c0712df7f92a}</UniqueIdentifier>
    </Filter>
    <Filter Include="Engine\Header Files">
      <UniqueIdentifier>{2c0bf0c1-95d4-4699-88b3-65c701a240f6}</UniqueIdentifier>
    </Filter>
    <Filter Include="Engine\Source Files">
      <UniqueIdentifier>{dc5e33c2-ad45-458a-b276-d2046741f5a2}</UniqueIdentifier>
    </Filter>
    <Filter Include="Resource Files\Levels">
      <UniqueIdentifier>{f7d52807-f17a-401d-98e7-48bf0ba6103a}</UniqueIdentifier>
    </Filter>
    <Filter Include="Resource Files\Shaders">
      <UniqueIdentifier>{8684f36a-3d54-4242-b7b5-6a26f7ee801e}</UniqueIdentifier>
    </Filter>
    <Filter Include="Resource Files\Textures">
      <UniqueIdentifier>{27b1d266-e0aa-4d7c-b952-c6a4b9958d27}</UniqueIdentifier>
    </Filter>
    <Filter Include="Header Files\actions">
      <UniqueIdentifier>{894245a7-c1e9-44a8-b9f0-2f2d7797da19}</UniqueIdentifier>
    </Filter>
    <Filter Include="Source Files\actions">
      <UniqueIdentifier>{9306fb38-5208-4f29-a1d3-b4a504bc5d48}</UniqueIdentifier>
    </Filter>
  </ItemGroup>
  <ItemGroup>
    <ClCompile Include="lib\glad.c">
      <Filter>External Libraries</Filter>
    </ClCompile>
    <ClCompile Include="lib\stb_image.cpp">
      <Filter>External Libraries</Filter>
    </ClCompile>
    <ClCompile Include="src\main.cpp">
      <Filter>Source Files</Filter>
    </ClCompile>
    <ClCompile Include="engine\src\ParticaleGenerator.cpp">
      <Filter>Engine\Source Files</Filter>
    </ClCompile>
    <ClCompile Include="engine\src\ResourceMananger.cpp">
      <Filter>Engine\Source Files</Filter>
    </ClCompile>
    <ClCompile Include="engine\src\Shader.cpp">
      <Filter>Engine\Source Files</Filter>
    </ClCompile>
    <ClCompile Include="engine\src\SpriteRenderer.cpp">
      <Filter>Engine\Source Files</Filter>
    </ClCompile>
    <ClCompile Include="engine\src\Texture2D.cpp">
      <Filter>Engine\Source Files</Filter>
    </ClCompile>
    <ClCompile Include="engine\src\GameObject.cpp">
      <Filter>Engine\Source Files</Filter>
    </ClCompile>
    <ClCompile Include="src\Game.cpp">
      <Filter>Source Files</Filter>
    </ClCompile>
    <ClCompile Include="src\GameBoard.cpp">
      <Filter>Source Files</Filter>
    </ClCompile>
    <ClCompile Include="src\Robot.cpp">
      <Filter>Source Files</Filter>
    </ClCompile>
    <ClCompile Include="src\actions\Action.cpp">
      <Filter>Source Files\actions</Filter>
    </ClCompile>
    <ClCompile Include="src\actions\Move.cpp">
      <Filter>Source Files\actions</Filter>
    </ClCompile>
    <ClCompile Include="src\ActionContainer.cpp">
      <Filter>Source Files</Filter>
    </ClCompile>
    <ClCompile Include="src\actions\Rotate.cpp">
      <Filter>Source Files\actions</Filter>
    </ClCompile>
    <ClCompile Include="src\actions\Push.cpp">
      <Filter>Source Files\actions</Filter>
    </ClCompile>
  </ItemGroup>
  <ItemGroup>
    <ClInclude Include="engine\include\Camera.h">
      <Filter>Engine\Header Files</Filter>
    </ClInclude>
    <ClInclude Include="engine\include\InputHandler.h">
      <Filter>Engine\Header Files</Filter>
    </ClInclude>
    <ClInclude Include="engine\include\ParticaleGenerator.h">
      <Filter>Engine\Header Files</Filter>
    </ClInclude>
    <ClInclude Include="engine\include\ResourceMananger.h">
      <Filter>Engine\Header Files</Filter>
    </ClInclude>
    <ClInclude Include="engine\include\Shader.h">
      <Filter>Engine\Header Files</Filter>
    </ClInclude>
    <ClInclude Include="engine\include\SpriteRenderer.h">
      <Filter>Engine\Header Files</Filter>
    </ClInclude>
    <ClInclude Include="engine\include\Texture2D.h">
      <Filter>Engine\Header Files</Filter>
    </ClInclude>
    <ClInclude Include="engine\include\GameObject.h">
      <Filter>Engine\Header Files</Filter>
    </ClInclude>
    <ClInclude Include="src\Game.h">
      <Filter>Header Files</Filter>
    </ClInclude>
    <ClInclude Include="src\GameBoard.h">
      <Filter>Header Files</Filter>
    </ClInclude>
    <ClInclude Include="src\Robot.h">
      <Filter>Header Files</Filter>
    </ClInclude>
    <ClInclude Include="src\actions\Action.h">
      <Filter>Header Files\actions</Filter>
    </ClInclude>
    <ClInclude Include="src\actions\Move.h">
      <Filter>Header Files\actions</Filter>
    </ClInclude>
    <ClInclude Include="src\ActionContainer.h">
      <Filter>Header Files</Filter>
    </ClInclude>
    <ClInclude Include="src\actions\Rotate.h">
      <Filter>Header Files\actions</Filter>
    </ClInclude>
    <ClInclude Include="src\actions\Push.h">
      <Filter>Header Files\actions</Filter>
    </ClInclude>
  </ItemGroup>
  <ItemGroup>
    <None Include="resources\levels\four.lvl">
      <Filter>Resource Files\Levels</Filter>
    </None>
    <None Include="resources\levels\one.lvl">
      <Filter>Resource Files\Levels</Filter>
    </None>
    <None Include="resources\levels\three.lvl">
      <Filter>Resource Files\Levels</Filter>
    </None>
    <None Include="resources\levels\two.lvl">
      <Filter>Resource Files\Levels</Filter>
    </None>
    <None Include="resources\shaders\sprite.frag">
      <Filter>Resource Files\Shaders</Filter>
    </None>
    <None Include="resources\shaders\sprite.vs">
      <Filter>Resource Files\Shaders</Filter>
    </None>
  </ItemGroup>
  <ItemGroup>
    <Image Include="resources\textures\awesomeface.png">
      <Filter>Resource Files\Textures</Filter>
    </Image>
    <Image Include="resources\textures\background.jpg">
      <Filter>Resource Files\Textures</Filter>
    </Image>
    <Image Include="resources\textures\block.png">
      <Filter>Resource Files\Textures</Filter>
    </Image>
    <Image Include="resources\textures\block_solid.png">
      <Filter>Resource Files\Textures</Filter>
    </Image>
    <Image Include="resources\textures\paddle.png">
      <Filter>Resource Files\Textures</Filter>
    </Image>
    <Image Include="resources\textures\particle.png">
      <Filter>Resource Files\Textures</Filter>
    </Image>
    <Image Include="resources\textures\wood_container.jpg">
      <Filter>Resource Files\Textures</Filter>
    </Image>
  </ItemGroup>
</Project>